{
  "name": "typescript-webpack-minimal",
  "version": "1.0.0",
  "lockfileVersion": 1,
  "requires": true,
  "dependencies": {
    "@types/clean-css": {
      "version": "3.4.30",
      "resolved": "https://registry.npmjs.org/@types/clean-css/-/clean-css-3.4.30.tgz",
      "integrity": "sha1-AFLBNvUkgAJCjjY4s33ko5gYZB0=",
      "dev": true
    },
    "@types/events": {
      "version": "1.1.0",
      "resolved": "https://registry.npmjs.org/@types/events/-/events-1.1.0.tgz",
      "integrity": "sha512-y3bR98mzYOo0pAZuiLari+cQyiKk3UXRuT45h1RjhfeCzqkjaVsfZJNaxdgtk7/3tzOm1ozLTqEqMP3VbI48jw==",
      "dev": true
    },
    "@types/html-minifier": {
      "version": "1.1.30",
      "resolved": "https://registry.npmjs.org/@types/html-minifier/-/html-minifier-1.1.30.tgz",
      "integrity": "sha1-OzgXwn3yOSL3taqH7/RbOrk0rsk=",
      "dev": true,
      "requires": {
        "@types/clean-css": "3.4.30",
        "@types/relateurl": "0.2.28",
        "@types/uglify-js": "2.6.29"
      }
    },
    "@types/html-webpack-plugin": {
      "version": "2.30.1",
      "resolved": "https://registry.npmjs.org/@types/html-webpack-plugin/-/html-webpack-plugin-2.30.1.tgz",
      "integrity": "sha512-ALdxgFyzydiRQzI/7x7zBLh7HsYJVnvjTaCse3KKleiOhxcFlShyJr1kwqwDrfcbtR/L9afABhkr7kC6NTzpGw==",
      "dev": true,
      "requires": {
        "@types/html-minifier": "1.1.30",
        "@types/webpack": "3.8.1"
      }
    },
    "@types/node": {
      "version": "8.0.54",
      "resolved": "https://registry.npmjs.org/@types/node/-/node-8.0.54.tgz",
      "integrity": "sha512-qetMdTv3Ytz9u9ESLdcYs45LPI0mczYZIbC184n7kY0jczOqPNQsabBfVCh+na3B2shAfvC459JqHV771A8Rxg==",
      "dev": true,
      "requires": {
        "@types/events": "1.1.0"
      }
    },
    "@types/relateurl": {
      "version": "0.2.28",
      "resolved": "https://registry.npmjs.org/@types/relateurl/-/relateurl-0.2.28.tgz",
      "integrity": "sha1-a9p9uGU/piZD9e5p6facEaOS46Y=",
      "dev": true
    },
    "@types/source-map": {
      "version": "0.5.2",
      "resolved": "https://registry.npmjs.org/@types/source-map/-/source-map-0.5.2.tgz",
      "integrity": "sha512-++w4WmMbk3dS3UeHGzAG+xJOSz5Xqtjys/TBkqG3qp3SeWE7Wwezqe5eB7B51cxUyh4PW7bwVotpsLdBK0D8cw==",
      "dev": true
    },
    "@types/tapable": {
      "version": "0.2.4",
      "resolved": "https://registry.npmjs.org/@types/tapable/-/tapable-0.2.4.tgz",
      "integrity": "sha512-pclMAvhPnXJcJu1ZZ8bQthuUcdDWzDuxDdbSf6l1U6s4fP6EBiZpPsOZYqFOrbqDV97sXGFSsb6AUpiLfv4xIA==",
      "dev": true
    },
    "@types/uglify-js": {
      "version": "2.6.29",
      "resolved": "https://registry.npmjs.org/@types/uglify-js/-/uglify-js-2.6.29.tgz",
      "integrity": "sha512-BdFLCZW0GTl31AbqXSak8ss/MqEZ3DN2MH9rkAyGoTuzK7ifGUlX+u0nfbWeTsa7IPcZhtn8BlpYBXSV+vqGhQ==",
      "dev": true,
      "requires": {
        "@types/source-map": "0.5.2"
      }
    },
    "@types/webpack": {
      "version": "3.8.1",
      "resolved": "https://registry.npmjs.org/@types/webpack/-/webpack-3.8.1.tgz",
      "integrity": "sha512-121nghW8XJ0tFNGuQh5k+VoSMLm71c7bEmNI0MMNDtKiNUcij3nWwypQccfEQrGcmJCAMkoC5vZLtdT4fbbCzw==",
      "dev": true,
      "requires": {
        "@types/node": "8.0.54",
        "@types/tapable": "0.2.4",
        "@types/uglify-js": "2.6.29"
      }
    }
  }
}
